
Microsoft Visual Studio Solution File, Format Version 12.00
# Visual Studio 15
VisualStudioVersion = 15.0.27703.2018
MinimumVisualStudioVersion = 10.0.40219.1
Project("{FAE04EC0-301F-11D3-BF4B-00C04F79EFBC}") = "PhotoServer", "PhotoServer\PhotoServer.csproj", "{7FD101AE-76F3-42E1-9C83-01FFB46BF63C}"
EndProject
Global
	GlobalSection(SolutionConfigurationPlatforms) = preSolution
		Debug|Any CPU = Debug|Any CPU
		Release|Any CPU = Release|Any CPU
	EndGlobalSection
	GlobalSection(ProjectConfigurationPlatforms) = postSolution
		{7FD101AE-76F3-42E1-9C83-01FFB46BF63C}.Debug|Any CPU.ActiveCfg = Debug|Any CPU
		{7FD101AE-76F3-42E1-9C83-01FFB46BF63C}.Debug|Any CPU.Build.0 = Debug|Any CPU
		{7FD101AE-76F3-42E1-9C83-01FFB46BF63C}.Release|Any CPU.ActiveCfg = Release|Any CPU
		{7FD101AE-76F3-42E1-9C83-01FFB46BF63C}.Release|Any CPU.Build.0 = Release|Any CPU
	EndGlobalSection
	GlobalSection(SolutionProperties) = preSolution
		HideSolutionNode = FALSE
	EndGlobalSection
	GlobalSection(ExtensibilityGlobals) = postSolution
		SolutionGuid = {04709148-85DC-4C65-8944-F50920EAC2AE}
	EndGlobalSection
EndGlobal
